// !$*UTF8*$!
{
	archiveVersion = 1;
	classes = {
	};
	objectVersion = 50;
	objects = {

/* Begin PBXBuildFile section */
		F10743CB2391A756004D1650 /* ClassExtensions.swift in Sources */ = {isa = PBXBuildFile; fileRef = F10743CA2391A756004D1650 /* ClassExtensions.swift */; };
		F128306C238A1B3700EC22A9 /* AppDelegate.swift in Sources */ = {isa = PBXBuildFile; fileRef = F128306B238A1B3700EC22A9 /* AppDelegate.swift */; };
		F128306E238A1B3700EC22A9 /* SceneDelegate.swift in Sources */ = {isa = PBXBuildFile; fileRef = F128306D238A1B3700EC22A9 /* SceneDelegate.swift */; };
		F1283073238A1B3700EC22A9 /* Main.storyboard in Resources */ = {isa = PBXBuildFile; fileRef = F1283071238A1B3700EC22A9 /* Main.storyboard */; };
		F1283075238A1B3900EC22A9 /* Assets.xcassets in Resources */ = {isa = PBXBuildFile; fileRef = F1283074238A1B3900EC22A9 /* Assets.xcassets */; };
		F1283078238A1B3900EC22A9 /* LaunchScreen.storyboard in Resources */ = {isa = PBXBuildFile; fileRef = F1283076238A1B3900EC22A9 /* LaunchScreen.storyboard */; };
		F14037962391F7290027E4F3 /* CampgroundVC.swift in Sources */ = {isa = PBXBuildFile; fileRef = F14037952391F7290027E4F3 /* CampgroundVC.swift */; };
		F155A0092390983D002B5004 /* SignUpVC.swift in Sources */ = {isa = PBXBuildFile; fileRef = F155A0082390983D002B5004 /* SignUpVC.swift */; };
		F155A00B239098CB002B5004 /* LoginVC.swift in Sources */ = {isa = PBXBuildFile; fileRef = F155A00A239098CB002B5004 /* LoginVC.swift */; };
		F155A00F23909948002B5004 /* CampgroundsVC.swift in Sources */ = {isa = PBXBuildFile; fileRef = F155A00E23909948002B5004 /* CampgroundsVC.swift */; };
		F155A011239099B9002B5004 /* SearchVC.swift in Sources */ = {isa = PBXBuildFile; fileRef = F155A010239099B9002B5004 /* SearchVC.swift */; };
		F155A013239099F9002B5004 /* NewCampgroundVC.swift in Sources */ = {isa = PBXBuildFile; fileRef = F155A012239099F9002B5004 /* NewCampgroundVC.swift */; };
		F155A01523909A2F002B5004 /* AccountVC.swift in Sources */ = {isa = PBXBuildFile; fileRef = F155A01423909A2F002B5004 /* AccountVC.swift */; };
		F155A01923909BB1002B5004 /* API.swift in Sources */ = {isa = PBXBuildFile; fileRef = F155A01823909BB1002B5004 /* API.swift */; };
		F170EFA02391E71D00308557 /* CampgroundCellTableViewCell.swift in Sources */ = {isa = PBXBuildFile; fileRef = F170EF9E2391E71D00308557 /* CampgroundCellTableViewCell.swift */; };
		F170EFA12391E71D00308557 /* CampgroundCellTableViewCell.xib in Resources */ = {isa = PBXBuildFile; fileRef = F170EF9F2391E71D00308557 /* CampgroundCellTableViewCell.xib */; };
		F1B50149239434BC008B77E6 /* BasicDataModel.swift in Sources */ = {isa = PBXBuildFile; fileRef = F1B50148239434BC008B77E6 /* BasicDataModel.swift */; };
		F1B5014B239434E8008B77E6 /* UserDataModel.swift in Sources */ = {isa = PBXBuildFile; fileRef = F1B5014A239434E8008B77E6 /* UserDataModel.swift */; };
		F1B5014E23943508008B77E6 /* CommentDataModel.swift in Sources */ = {isa = PBXBuildFile; fileRef = F1B5014D23943508008B77E6 /* CommentDataModel.swift */; };
		F1B501502394352A008B77E6 /* CampgroundDataModel.swift in Sources */ = {isa = PBXBuildFile; fileRef = F1B5014F2394352A008B77E6 /* CampgroundDataModel.swift */; };
		F1D220F023930DCB00B13DC5 /* ProfileVC.swift in Sources */ = {isa = PBXBuildFile; fileRef = F1D220EF23930DCB00B13DC5 /* ProfileVC.swift */; };
		F1D220F22393196300B13DC5 /* CommentView.swift in Sources */ = {isa = PBXBuildFile; fileRef = F1D220F12393196300B13DC5 /* CommentView.swift */; };
		F1D220F42393197000B13DC5 /* CommentView.xib in Resources */ = {isa = PBXBuildFile; fileRef = F1D220F32393197000B13DC5 /* CommentView.xib */; };
		F1F7153923943F920089A3F9 /* CommentCell.swift in Sources */ = {isa = PBXBuildFile; fileRef = F1F7153723943F920089A3F9 /* CommentCell.swift */; };
		F1F7153A23943F920089A3F9 /* CommentCell.xib in Resources */ = {isa = PBXBuildFile; fileRef = F1F7153823943F920089A3F9 /* CommentCell.xib */; };
/* End PBXBuildFile section */

/* Begin PBXFileReference section */
		F10743CA2391A756004D1650 /* ClassExtensions.swift */ = {isa = PBXFileReference; lastKnownFileType = sourcecode.swift; path = ClassExtensions.swift; sourceTree = "<group>"; };
		F1283068238A1B3700EC22A9 /* YelpCamp.app */ = {isa = PBXFileReference; explicitFileType = wrapper.application; includeInIndex = 0; path = YelpCamp.app; sourceTree = BUILT_PRODUCTS_DIR; };
		F128306B238A1B3700EC22A9 /* AppDelegate.swift */ = {isa = PBXFileReference; lastKnownFileType = sourcecode.swift; path = AppDelegate.swift; sourceTree = "<group>"; };
		F128306D238A1B3700EC22A9 /* SceneDelegate.swift */ = {isa = PBXFileReference; lastKnownFileType = sourcecode.swift; path = SceneDelegate.swift; sourceTree = "<group>"; };
		F1283072238A1B3700EC22A9 /* Base */ = {isa = PBXFileReference; lastKnownFileType = file.storyboard; name = Base; path = Base.lproj/Main.storyboard; sourceTree = "<group>"; };
		F1283074238A1B3900EC22A9 /* Assets.xcassets */ = {isa = PBXFileReference; lastKnownFileType = folder.assetcatalog; path = Assets.xcassets; sourceTree = "<group>"; };
		F1283077238A1B3900EC22A9 /* Base */ = {isa = PBXFileReference; lastKnownFileType = file.storyboard; name = Base; path = Base.lproj/LaunchScreen.storyboard; sourceTree = "<group>"; };
		F1283079238A1B3900EC22A9 /* Info.plist */ = {isa = PBXFileReference; lastKnownFileType = text.plist.xml; path = Info.plist; sourceTree = "<group>"; };
		F128307F238A1B4000EC22A9 /* YelpCamp.entitlements */ = {isa = PBXFileReference; lastKnownFileType = text.plist.entitlements; path = YelpCamp.entitlements; sourceTree = "<group>"; };
		F14037952391F7290027E4F3 /* CampgroundVC.swift */ = {isa = PBXFileReference; lastKnownFileType = sourcecode.swift; path = CampgroundVC.swift; sourceTree = "<group>"; };
		F155A0082390983D002B5004 /* SignUpVC.swift */ = {isa = PBXFileReference; lastKnownFileType = sourcecode.swift; path = SignUpVC.swift; sourceTree = "<group>"; };
		F155A00A239098CB002B5004 /* LoginVC.swift */ = {isa = PBXFileReference; lastKnownFileType = sourcecode.swift; path = LoginVC.swift; sourceTree = "<group>"; };
		F155A00E23909948002B5004 /* CampgroundsVC.swift */ = {isa = PBXFileReference; lastKnownFileType = sourcecode.swift; path = CampgroundsVC.swift; sourceTree = "<group>"; };
		F155A010239099B9002B5004 /* SearchVC.swift */ = {isa = PBXFileReference; lastKnownFileType = sourcecode.swift; path = SearchVC.swift; sourceTree = "<group>"; };
		F155A012239099F9002B5004 /* NewCampgroundVC.swift */ = {isa = PBXFileReference; lastKnownFileType = sourcecode.swift; path = NewCampgroundVC.swift; sourceTree = "<group>"; };
		F155A01423909A2F002B5004 /* AccountVC.swift */ = {isa = PBXFileReference; lastKnownFileType = sourcecode.swift; path = AccountVC.swift; sourceTree = "<group>"; };
		F155A01823909BB1002B5004 /* API.swift */ = {isa = PBXFileReference; lastKnownFileType = sourcecode.swift; path = API.swift; sourceTree = "<group>"; };
		F170EF9E2391E71D00308557 /* CampgroundCellTableViewCell.swift */ = {isa = PBXFileReference; lastKnownFileType = sourcecode.swift; path = CampgroundCellTableViewCell.swift; sourceTree = "<group>"; };
		F170EF9F2391E71D00308557 /* CampgroundCellTableViewCell.xib */ = {isa = PBXFileReference; lastKnownFileType = file.xib; path = CampgroundCellTableViewCell.xib; sourceTree = "<group>"; };
		F1B50148239434BC008B77E6 /* BasicDataModel.swift */ = {isa = PBXFileReference; lastKnownFileType = sourcecode.swift; path = BasicDataModel.swift; sourceTree = "<group>"; };
		F1B5014A239434E8008B77E6 /* UserDataModel.swift */ = {isa = PBXFileReference; lastKnownFileType = sourcecode.swift; path = UserDataModel.swift; sourceTree = "<group>"; };
		F1B5014D23943508008B77E6 /* CommentDataModel.swift */ = {isa = PBXFileReference; lastKnownFileType = sourcecode.swift; path = CommentDataModel.swift; sourceTree = "<group>"; };
		F1B5014F2394352A008B77E6 /* CampgroundDataModel.swift */ = {isa = PBXFileReference; lastKnownFileType = sourcecode.swift; path = CampgroundDataModel.swift; sourceTree = "<group>"; };
		F1D220EF23930DCB00B13DC5 /* ProfileVC.swift */ = {isa = PBXFileReference; lastKnownFileType = sourcecode.swift; path = ProfileVC.swift; sourceTree = "<group>"; };
		F1D220F12393196300B13DC5 /* CommentView.swift */ = {isa = PBXFileReference; lastKnownFileType = sourcecode.swift; path = CommentView.swift; sourceTree = "<group>"; };
		F1D220F32393197000B13DC5 /* CommentView.xib */ = {isa = PBXFileReference; lastKnownFileType = file.xib; path = CommentView.xib; sourceTree = "<group>"; };
		F1F7153723943F920089A3F9 /* CommentCell.swift */ = {isa = PBXFileReference; lastKnownFileType = sourcecode.swift; path = CommentCell.swift; sourceTree = "<group>"; };
		F1F7153823943F920089A3F9 /* CommentCell.xib */ = {isa = PBXFileReference; lastKnownFileType = file.xib; path = CommentCell.xib; sourceTree = "<group>"; };
/* End PBXFileReference section */

/* Begin PBXFrameworksBuildPhase section */
		F1283065238A1B3700EC22A9 /* Frameworks */ = {
			isa = PBXFrameworksBuildPhase;
			buildActionMask = 2147483647;
			files = (
			);
			runOnlyForDeploymentPostprocessing = 0;
		};
/* End PBXFrameworksBuildPhase section */

/* Begin PBXGroup section */
		F128305F238A1B3700EC22A9 = {
			isa = PBXGroup;
			children = (
				F128306A238A1B3700EC22A9 /* YelpCamp */,
				F1283069238A1B3700EC22A9 /* Products */,
			);
			sourceTree = "<group>";
		};
		F1283069238A1B3700EC22A9 /* Products */ = {
			isa = PBXGroup;
			children = (
				F1283068238A1B3700EC22A9 /* YelpCamp.app */,
			);
			name = Products;
			sourceTree = "<group>";
		};
		F128306A238A1B3700EC22A9 /* YelpCamp */ = {
			isa = PBXGroup;
			children = (
				F155A0062390980E002B5004 /* Model */,
				F155A001239096C1002B5004 /* View */,
				F155A00723909812002B5004 /* Controller */,
				F155A000239096B5002B5004 /* Delegates */,
				F155A005239097F7002B5004 /* Supporting Files */,
			);
			path = YelpCamp;
			sourceTree = "<group>";
		};
		F155A000239096B5002B5004 /* Delegates */ = {
			isa = PBXGroup;
			children = (
				F155A004239097EE002B5004 /* New Group */,
				F128306D238A1B3700EC22A9 /* SceneDelegate.swift */,
				F128306B238A1B3700EC22A9 /* AppDelegate.swift */,
			);
			path = Delegates;
			sourceTree = "<group>";
		};
		F155A001239096C1002B5004 /* View */ = {
			isa = PBXGroup;
			children = (
				F1283071238A1B3700EC22A9 /* Main.storyboard */,
				F1283076238A1B3900EC22A9 /* LaunchScreen.storyboard */,
				F1D220F52393198B00B13DC5 /* Comment View */,
				F170EF9D2391E6F000308557 /* Campground Cell */,
				F1F7153B23943F9D0089A3F9 /* Comment Cell */,
			);
			path = View;
			sourceTree = "<group>";
		};
		F155A004239097EE002B5004 /* New Group */ = {
			isa = PBXGroup;
			children = (
			);
			name = "New Group";
			path = ..;
			sourceTree = "<group>";
		};
		F155A005239097F7002B5004 /* Supporting Files */ = {
			isa = PBXGroup;
			children = (
				F1283074238A1B3900EC22A9 /* Assets.xcassets */,
				F1283079238A1B3900EC22A9 /* Info.plist */,
				F128307F238A1B4000EC22A9 /* YelpCamp.entitlements */,
			);
			name = "Supporting Files";
			sourceTree = "<group>";
		};
		F155A0062390980E002B5004 /* Model */ = {
			isa = PBXGroup;
			children = (
				F155A01823909BB1002B5004 /* API.swift */,
				F10743CA2391A756004D1650 /* ClassExtensions.swift */,
				F1B50147239434A0008B77E6 /* Data Models */,
			);
			path = Model;
			sourceTree = "<group>";
		};
		F155A00723909812002B5004 /* Controller */ = {
			isa = PBXGroup;
			children = (
				F155A0082390983D002B5004 /* SignUpVC.swift */,
				F155A00A239098CB002B5004 /* LoginVC.swift */,
				F155A00E23909948002B5004 /* CampgroundsVC.swift */,
				F155A010239099B9002B5004 /* SearchVC.swift */,
				F155A012239099F9002B5004 /* NewCampgroundVC.swift */,
				F155A01423909A2F002B5004 /* AccountVC.swift */,
				F14037952391F7290027E4F3 /* CampgroundVC.swift */,
				F1D220EF23930DCB00B13DC5 /* ProfileVC.swift */,
			);
			path = Controller;
			sourceTree = "<group>";
		};
		F170EF9D2391E6F000308557 /* Campground Cell */ = {
			isa = PBXGroup;
			children = (
				F170EF9E2391E71D00308557 /* CampgroundCellTableViewCell.swift */,
				F170EF9F2391E71D00308557 /* CampgroundCellTableViewCell.xib */,
			);
			path = "Campground Cell";
			sourceTree = "<group>";
		};
		F1B50147239434A0008B77E6 /* Data Models */ = {
			isa = PBXGroup;
			children = (
				F1B50148239434BC008B77E6 /* BasicDataModel.swift */,
				F1B5014A239434E8008B77E6 /* UserDataModel.swift */,
				F1B5014D23943508008B77E6 /* CommentDataModel.swift */,
				F1B5014F2394352A008B77E6 /* CampgroundDataModel.swift */,
			);
			path = "Data Models";
			sourceTree = "<group>";
		};
		F1D220F52393198B00B13DC5 /* Comment View */ = {
			isa = PBXGroup;
			children = (
				F1D220F12393196300B13DC5 /* CommentView.swift */,
				F1D220F32393197000B13DC5 /* CommentView.xib */,
			);
			path = "Comment View";
			sourceTree = "<group>";
		};
		F1F7153B23943F9D0089A3F9 /* Comment Cell */ = {
			isa = PBXGroup;
			children = (
				F1F7153723943F920089A3F9 /* CommentCell.swift */,
				F1F7153823943F920089A3F9 /* CommentCell.xib */,
			);
			path = "Comment Cell";
			sourceTree = "<group>";
		};
/* End PBXGroup section */

/* Begin PBXNativeTarget section */
		F1283067238A1B3700EC22A9 /* YelpCamp */ = {
			isa = PBXNativeTarget;
			buildConfigurationList = F128307C238A1B3900EC22A9 /* Build configuration list for PBXNativeTarget "YelpCamp" */;
			buildPhases = (
				F1283064238A1B3700EC22A9 /* Sources */,
				F1283065238A1B3700EC22A9 /* Frameworks */,
				F1283066238A1B3700EC22A9 /* Resources */,
			);
			buildRules = (
			);
			dependencies = (
			);
			name = YelpCamp;
			productName = YelpCamp;
			productReference = F1283068238A1B3700EC22A9 /* YelpCamp.app */;
			productType = "com.apple.product-type.application";
		};
/* End PBXNativeTarget section */

/* Begin PBXProject section */
		F1283060238A1B3700EC22A9 /* Project object */ = {
			isa = PBXProject;
			attributes = {
				KnownAssetTags = (
					campgrounds,
				);
				LastSwiftUpdateCheck = 1120;
				LastUpgradeCheck = 1120;
				ORGANIZATIONNAME = "Nathaniel Fargo";
				TargetAttributes = {
					F1283067238A1B3700EC22A9 = {
						CreatedOnToolsVersion = 11.2.1;
					};
				};
			};
			buildConfigurationList = F1283063238A1B3700EC22A9 /* Build configuration list for PBXProject "YelpCamp" */;
			compatibilityVersion = "Xcode 9.3";
			developmentRegion = en;
			hasScannedForEncodings = 0;
			knownRegions = (
				en,
				Base,
			);
			mainGroup = F128305F238A1B3700EC22A9;
			productRefGroup = F1283069238A1B3700EC22A9 /* Products */;
			projectDirPath = "";
			projectRoot = "";
			targets = (
				F1283067238A1B3700EC22A9 /* YelpCamp */,
			);
		};
/* End PBXProject section */

/* Begin PBXResourcesBuildPhase section */
		F1283066238A1B3700EC22A9 /* Resources */ = {
			isa = PBXResourcesBuildPhase;
			buildActionMask = 2147483647;
			files = (
				F1283078238A1B3900EC22A9 /* LaunchScreen.storyboard in Resources */,
				F1D220F42393197000B13DC5 /* CommentView.xib in Resources */,
				F1283075238A1B3900EC22A9 /* Assets.xcassets in Resources */,
				F1F7153A23943F920089A3F9 /* CommentCell.xib in Resources */,
				F1283073238A1B3700EC22A9 /* Main.storyboard in Resources */,
				F170EFA12391E71D00308557 /* CampgroundCellTableViewCell.xib in Resources */,
			);
			runOnlyForDeploymentPostprocessing = 0;
		};
/* End PBXResourcesBuildPhase section */

/* Begin PBXSourcesBuildPhase section */
		F1283064238A1B3700EC22A9 /* Sources */ = {
			isa = PBXSourcesBuildPhase;
			buildActionMask = 2147483647;
			files = (
				F1F7153923943F920089A3F9 /* CommentCell.swift in Sources */,
				F155A01523909A2F002B5004 /* AccountVC.swift in Sources */,
				F155A011239099B9002B5004 /* SearchVC.swift in Sources */,
				F1B50149239434BC008B77E6 /* BasicDataModel.swift in Sources */,
				F1D220F023930DCB00B13DC5 /* ProfileVC.swift in Sources */,
				F1D220F22393196300B13DC5 /* CommentView.swift in Sources */,
				F128306C238A1B3700EC22A9 /* AppDelegate.swift in Sources */,
				F1B5014B239434E8008B77E6 /* UserDataModel.swift in Sources */,
				F14037962391F7290027E4F3 /* CampgroundVC.swift in Sources */,
				F155A00F23909948002B5004 /* CampgroundsVC.swift in Sources */,
				F155A0092390983D002B5004 /* SignUpVC.swift in Sources */,
				F155A013239099F9002B5004 /* NewCampgroundVC.swift in Sources */,
				F155A00B239098CB002B5004 /* LoginVC.swift in Sources */,
				F155A01923909BB1002B5004 /* API.swift in Sources */,
				F170EFA02391E71D00308557 /* CampgroundCellTableViewCell.swift in Sources */,
				F1B501502394352A008B77E6 /* CampgroundDataModel.swift in Sources */,
				F10743CB2391A756004D1650 /* ClassExtensions.swift in Sources */,
				F128306E238A1B3700EC22A9 /* SceneDelegate.swift in Sources */,
				F1B5014E23943508008B77E6 /* CommentDataModel.swift in Sources */,
			);
			runOnlyForDeploymentPostprocessing = 0;
		};
/* End PBXSourcesBuildPhase section */

/* Begin PBXVariantGroup section */
		F1283071238A1B3700EC22A9 /* Main.storyboard */ = {
			isa = PBXVariantGroup;
			children = (
				F1283072238A1B3700EC22A9 /* Base */,
			);
			name = Main.storyboard;
			sourceTree = "<group>";
		};
		F1283076238A1B3900EC22A9 /* LaunchScreen.storyboard */ = {
			isa = PBXVariantGroup;
			children = (
				F1283077238A1B3900EC22A9 /* Base */,
			);
			name = LaunchScreen.storyboard;
			sourceTree = "<group>";
		};
/* End PBXVariantGroup section */

/* Begin XCBuildConfiguration section */
		F128307A238A1B3900EC22A9 /* Debug */ = {
			isa = XCBuildConfiguration;
			buildSettings = {
				ALWAYS_SEARCH_USER_PATHS = NO;
				CLANG_ANALYZER_NONNULL = YES;
				CLANG_ANALYZER_NUMBER_OBJECT_CONVERSION = YES_AGGRESSIVE;
				CLANG_CXX_LANGUAGE_STANDARD = "gnu++14";
				CLANG_CXX_LIBRARY = "libc++";
				CLANG_ENABLE_MODULES = YES;
				CLANG_ENABLE_OBJC_ARC = YES;
				CLANG_ENABLE_OBJC_WEAK = YES;
				CLANG_WARN_BLOCK_CAPTURE_AUTORELEASING = YES;
				CLANG_WARN_BOOL_CONVERSION = YES;
				CLANG_WARN_COMMA = YES;
				CLANG_WARN_CONSTANT_CONVERSION = YES;
				CLANG_WARN_DEPRECATED_OBJC_IMPLEMENTATIONS = YES;
				CLANG_WARN_DIRECT_OBJC_ISA_USAGE = YES_ERROR;
				CLANG_WARN_DOCUMENTATION_COMMENTS = YES;
				CLANG_WARN_EMPTY_BODY = YES;
				CLANG_WARN_ENUM_CONVERSION = YES;
				CLANG_WARN_INFINITE_RECURSION = YES;
				CLANG_WARN_INT_CONVERSION = YES;
				CLANG_WARN_NON_LITERAL_NULL_CONVERSION = YES;
				CLANG_WARN_OBJC_IMPLICIT_RETAIN_SELF = YES;
				CLANG_WARN_OBJC_LITERAL_CONVERSION = YES;
				CLANG_WARN_OBJC_ROOT_CLASS = YES_ERROR;
				CLANG_WARN_RANGE_LOOP_ANALYSIS = YES;
				CLANG_WARN_STRICT_PROTOTYPES = YES;
				CLANG_WARN_SUSPICIOUS_MOVE = YES;
				CLANG_WARN_UNGUARDED_AVAILABILITY = YES_AGGRESSIVE;
				CLANG_WARN_UNREACHABLE_CODE = YES;
				CLANG_WARN__DUPLICATE_METHOD_MATCH = YES;
				COPY_PHASE_STRIP = NO;
				DEBUG_INFORMATION_FORMAT = dwarf;
				ENABLE_STRICT_OBJC_MSGSEND = YES;
				ENABLE_TESTABILITY = YES;
				GCC_C_LANGUAGE_STANDARD = gnu11;
				GCC_DYNAMIC_NO_PIC = NO;
				GCC_NO_COMMON_BLOCKS = YES;
				GCC_OPTIMIZATION_LEVEL = 0;
				GCC_PREPROCESSOR_DEFINITIONS = (
					"DEBUG=1",
					"$(inherited)",
				);
				GCC_WARN_64_TO_32_BIT_CONVERSION = YES;
				GCC_WARN_ABOUT_RETURN_TYPE = YES_ERROR;
				GCC_WARN_UNDECLARED_SELECTOR = YES;
				GCC_WARN_UNINITIALIZED_AUTOS = YES_AGGRESSIVE;
				GCC_WARN_UNUSED_FUNCTION = YES;
				GCC_WARN_UNUSED_VARIABLE = YES;
				IPHONEOS_DEPLOYMENT_TARGET = 13.2;
				MTL_ENABLE_DEBUG_INFO = INCLUDE_SOURCE;
				MTL_FAST_MATH = YES;
				ONLY_ACTIVE_ARCH = YES;
				SDKROOT = iphoneos;
				SWIFT_ACTIVE_COMPILATION_CONDITIONS = DEBUG;
				SWIFT_OPTIMIZATION_LEVEL = "-Onone";
			};
			name = Debug;
		};
		F128307B238A1B3900EC22A9 /* Release */ = {
			isa = XCBuildConfiguration;
			buildSettings = {
				ALWAYS_SEARCH_USER_PATHS = NO;
				CLANG_ANALYZER_NONNULL = YES;
				CLANG_ANALYZER_NUMBER_OBJECT_CONVERSION = YES_AGGRESSIVE;
				CLANG_CXX_LANGUAGE_STANDARD = "gnu++14";
				CLANG_CXX_LIBRARY = "libc++";
				CLANG_ENABLE_MODULES = YES;
				CLANG_ENABLE_OBJC_ARC = YES;
				CLANG_ENABLE_OBJC_WEAK = YES;
				CLANG_WARN_BLOCK_CAPTURE_AUTORELEASING = YES;
				CLANG_WARN_BOOL_CONVERSION = YES;
				CLANG_WARN_COMMA = YES;
				CLANG_WARN_CONSTANT_CONVERSION = YES;
				CLANG_WARN_DEPRECATED_OBJC_IMPLEMENTATIONS = YES;
				CLANG_WARN_DIRECT_OBJC_ISA_USAGE = YES_ERROR;
				CLANG_WARN_DOCUMENTATION_COMMENTS = YES;
				CLANG_WARN_EMPTY_BODY = YES;
				CLANG_WARN_ENUM_CONVERSION = YES;
				CLANG_WARN_INFINITE_RECURSION = YES;
				CLANG_WARN_INT_CONVERSION = YES;
				CLANG_WARN_NON_LITERAL_NULL_CONVERSION = YES;
				CLANG_WARN_OBJC_IMPLICIT_RETAIN_SELF = YES;
				CLANG_WARN_OBJC_LITERAL_CONVERSION = YES;
				CLANG_WARN_OBJC_ROOT_CLASS = YES_ERROR;
				CLANG_WARN_RANGE_LOOP_ANALYSIS = YES;
				CLANG_WARN_STRICT_PROTOTYPES = YES;
				CLANG_WARN_SUSPICIOUS_MOVE = YES;
				CLANG_WARN_UNGUARDED_AVAILABILITY = YES_AGGRESSIVE;
				CLANG_WARN_UNREACHABLE_CODE = YES;
				CLANG_WARN__DUPLICATE_METHOD_MATCH = YES;
				COPY_PHASE_STRIP = NO;
				DEBUG_INFORMATION_FORMAT = "dwarf-with-dsym";
				ENABLE_NS_ASSERTIONS = NO;
				ENABLE_STRICT_OBJC_MSGSEND = YES;
				GCC_C_LANGUAGE_STANDARD = gnu11;
				GCC_NO_COMMON_BLOCKS = YES;
				GCC_WARN_64_TO_32_BIT_CONVERSION = YES;
				GCC_WARN_ABOUT_RETURN_TYPE = YES_ERROR;
				GCC_WARN_UNDECLARED_SELECTOR = YES;
				GCC_WARN_UNINITIALIZED_AUTOS = YES_AGGRESSIVE;
				GCC_WARN_UNUSED_FUNCTION = YES;
				GCC_WARN_UNUSED_VARIABLE = YES;
				IPHONEOS_DEPLOYMENT_TARGET = 13.2;
				MTL_ENABLE_DEBUG_INFO = NO;
				MTL_FAST_MATH = YES;
				SDKROOT = iphoneos;
				SWIFT_COMPILATION_MODE = wholemodule;
				SWIFT_OPTIMIZATION_LEVEL = "-O";
				VALIDATE_PRODUCT = YES;
			};
			name = Release;
		};
		F128307D238A1B3900EC22A9 /* Debug */ = {
			isa = XCBuildConfiguration;
			buildSettings = {
				ASSETCATALOG_COMPILER_APPICON_NAME = AppIcon;
				CLANG_MODULES_AUTOLINK = NO;
				CODE_SIGN_ENTITLEMENTS = YelpCamp/YelpCamp.entitlements;
				"CODE_SIGN_IDENTITY[sdk=macosx*]" = "Apple Development";
				CODE_SIGN_STYLE = Automatic;
				DERIVE_MACCATALYST_PRODUCT_BUNDLE_IDENTIFIER = YES;
				DEVELOPMENT_TEAM = 9KQ3M594DV;
				"ENABLE_HARDENED_RUNTIME[sdk=macosx*]" = NO;
				EXCLUDED_RECURSIVE_SEARCH_PATH_SUBDIRECTORIES = "*.nib *.lproj *.gch *.xcode* *.xcassets (*) .DS_Store CVS .svn .git .hg *.pbproj *.pbxproj";
				INFOPLIST_FILE = YelpCamp/Info.plist;
				LD_RUNPATH_SEARCH_PATHS = (
					"$(inherited)",
					"@executable_path/Frameworks",
				);
				PRODUCT_BUNDLE_IDENTIFIER = tk.paradox42.apps.YelpCamp;
				PRODUCT_NAME = "$(TARGET_NAME)";
				SUPPORTS_MACCATALYST = YES;
				SWIFT_VERSION = 5.0;
				TARGETED_DEVICE_FAMILY = "1,2";
			};
			name = Debug;
		};
		F128307E238A1B3900EC22A9 /* Release */ = {
			isa = XCBuildConfiguration;
			buildSettings = {
				ASSETCATALOG_COMPILER_APPICON_NAME = AppIcon;
				CLANG_MODULES_AUTOLINK = NO;
				CODE_SIGN_ENTITLEMENTS = YelpCamp/YelpCamp.entitlements;
				"CODE_SIGN_IDENTITY[sdk=macosx*]" = "Apple Development";
				CODE_SIGN_STYLE = Automatic;
				DERIVE_MACCATALYST_PRODUCT_BUNDLE_IDENTIFIER = YES;
				DEVELOPMENT_TEAM = 9KQ3M594DV;
				"ENABLE_HARDENED_RUNTIME[sdk=macosx*]" = NO;
				EXCLUDED_RECURSIVE_SEARCH_PATH_SUBDIRECTORIES = "*.nib *.lproj *.gch *.xcode* *.xcassets (*) .DS_Store CVS .svn .git .hg *.pbproj *.pbxproj";
				INFOPLIST_FILE = YelpCamp/Info.plist;
				LD_RUNPATH_SEARCH_PATHS = (
					"$(inherited)",
					"@executable_path/Frameworks",
				);
				PRODUCT_BUNDLE_IDENTIFIER = tk.paradox42.apps.YelpCamp;
				PRODUCT_NAME = "$(TARGET_NAME)";
				SUPPORTS_MACCATALYST = YES;
				SWIFT_VERSION = 5.0;
				TARGETED_DEVICE_FAMILY = "1,2";
			};
			name = Release;
		};
/* End XCBuildConfiguration section */

/* Begin XCConfigurationList section */
		F1283063238A1B3700EC22A9 /* Build configuration list for PBXProject "YelpCamp" */ = {
			isa = XCConfigurationList;
			buildConfigurations = (
				F128307A238A1B3900EC22A9 /* Debug */,
				F128307B238A1B3900EC22A9 /* Release */,
			);
			defaultConfigurationIsVisible = 0;
			defaultConfigurationName = Release;
		};
		F128307C238A1B3900EC22A9 /* Build configuration list for PBXNativeTarget "YelpCamp" */ = {
			isa = XCConfigurationList;
			buildConfigurations = (
				F128307D238A1B3900EC22A9 /* Debug */,
				F128307E238A1B3900EC22A9 /* Release */,
			);
			defaultConfigurationIsVisible = 0;
			defaultConfigurationName = Release;
		};
/* End XCConfigurationList section */
	};
	rootObject = F1283060238A1B3700EC22A9 /* Project object */;
}
